{
  "version": 4,
  "terraform_version": "1.9.8",
  "serial": 3,
  "lineage": "6e5bbc2c-5029-e343-ea08-2104472cc769",
  "outputs": {},
  "resources": [
    {
      "module": "module.app_service",
      "mode": "managed",
      "type": "azurerm_resource_group",
      "name": "this",
      "provider": "provider[\"registry.terraform.io/hashicorp/azurerm\"]",
      "instances": [
        {
          "schema_version": 0,
          "attributes": {
            "id": "/subscriptions/8174c7c1-0633-4f33-af31-990f0e2b3f83/resourceGroups/jenkins-terraform-rg",
            "location": "canadacentral",
            "managed_by": "",
            "name": "jenkins-terraform-rg",
            "tags": null,
            "timeouts": null
          },
          "sensitive_attributes": [],
          "private": "eyJlMmJmYjczMC1lY2FhLTExZTYtOGY4OC0zNDM2M2JjN2M0YzAiOnsiY3JlYXRlIjo1NDAwMDAwMDAwMDAwLCJkZWxldGUiOjU0MDAwMDAwMDAwMDAsInJlYWQiOjMwMDAwMDAwMDAwMCwidXBkYXRlIjo1NDAwMDAwMDAwMDAwfX0="
        }
      ]
    }
  ],
  "check_results": null
}
