{
  "version": 4,
  "terraform_version": "1.9.8",
  "serial": 6,
  "lineage": "6e5bbc2c-5029-e343-ea08-2104472cc769",
  "outputs": {},
  "resources": [
    {
      "module": "module.app_service",
      "mode": "managed",
      "type": "azurerm_app_service",
      "name": "this",
      "provider": "provider[\"registry.terraform.io/hashicorp/azurerm\"]",
      "instances": [
        {
          "schema_version": 0,
          "attributes": {
            "app_service_plan_id": "/subscriptions/8174c7c1-0633-4f33-af31-990f0e2b3f83/resourceGroups/jenkins-terraform-rg/providers/Microsoft.Web/serverFarms/jenkins-tf-appservice-plan",
            "app_settings": {
              "WEBSITE_NODE_DEFAULT_VERSION": "6.9.1"
            },
            "auth_settings": [
              {
                "active_directory": [],
                "additional_login_params": {},
                "allowed_external_redirect_urls": [],
                "default_provider": "",
                "enabled": false,
                "facebook": [],
                "google": [],
                "issuer": "",
                "microsoft": [],
                "runtime_version": "",
                "token_refresh_extension_hours": 0,
                "token_store_enabled": false,
                "twitter": [],
                "unauthenticated_client_action": ""
              }
            ],
            "backup": [],
            "client_affinity_enabled": false,
            "client_cert_enabled": false,
            "client_cert_mode": "Required",
            "connection_string": [],
            "custom_domain_verification_id": "B5415EFF7A0DA0CB3181672EDE136A36DD17C2B41E7C72C13F837D51CFFAD4B8",
            "default_site_hostname": "jenkins-tf-appservice.azurewebsites.net",
            "enabled": true,
            "https_only": false,
            "id": "/subscriptions/8174c7c1-0633-4f33-af31-990f0e2b3f83/resourceGroups/jenkins-terraform-rg/providers/Microsoft.Web/sites/jenkins-tf-appservice",
            "identity": [],
            "key_vault_reference_identity_id": "SystemAssigned",
            "location": "canadacentral",
            "logs": [
              {
                "application_logs": [
                  {
                    "azure_blob_storage": [],
                    "file_system_level": "Off"
                  }
                ],
                "detailed_error_messages_enabled": false,
                "failed_request_tracing_enabled": false,
                "http_logs": [
                  {
                    "azure_blob_storage": [],
                    "file_system": []
                  }
                ]
              }
            ],
            "name": "jenkins-tf-appservice",
            "outbound_ip_address_list": [
              "20.116.234.219",
              "20.116.237.183",
              "20.116.234.222",
              "20.116.234.223",
              "20.116.235.15",
              "20.116.235.30",
              "20.116.235.137",
              "20.116.235.150",
              "20.116.235.151",
              "20.116.235.176",
              "20.116.235.177",
              "20.116.235.182",
              "4.174.184.2",
              "4.174.184.13",
              "4.174.184.22",
              "4.174.184.26",
              "4.174.184.35",
              "4.174.184.94",
              "20.48.204.6"
            ],
            "outbound_ip_addresses": "20.116.234.219,20.116.237.183,20.116.234.222,20.116.234.223,20.116.235.15,20.116.235.30,20.116.235.137,20.116.235.150,20.116.235.151,20.116.235.176,20.116.235.177,20.116.235.182,4.174.184.2,4.174.184.13,4.174.184.22,4.174.184.26,4.174.184.35,4.174.184.94,20.48.204.6",
            "possible_outbound_ip_address_list": [
              "20.116.234.219",
              "20.116.237.183",
              "20.116.234.222",
              "20.116.234.223",
              "20.116.235.15",
              "20.116.235.30",
              "20.116.235.137",
              "20.116.235.150",
              "20.116.235.151",
              "20.116.235.176",
              "20.116.235.177",
              "20.116.235.182",
              "4.174.184.2",
              "4.174.184.13",
              "4.174.184.22",
              "4.174.184.26",
              "4.174.184.35",
              "4.174.184.94",
              "4.174.185.84",
              "20.116.235.42",
              "20.116.235.43",
              "20.116.235.68",
              "20.116.235.69",
              "20.116.235.78",
              "20.116.235.79",
              "20.116.235.94",
              "20.116.235.95",
              "20.116.235.103",
              "20.116.235.104",
              "20.116.235.105",
              "20.116.235.120",
              "20.116.235.121",
              "20.116.235.126",
              "20.116.235.127",
              "20.116.235.132",
              "20.116.235.133",
              "20.116.235.136",
              "4.174.184.147",
              "4.174.184.214",
              "4.174.184.248",
              "4.174.185.19",
              "4.174.185.62",
              "4.174.185.73",
              "20.48.204.6"
            ],
            "possible_outbound_ip_addresses": "20.116.234.219,20.116.237.183,20.116.234.222,20.116.234.223,20.116.235.15,20.116.235.30,20.116.235.137,20.116.235.150,20.116.235.151,20.116.235.176,20.116.235.177,20.116.235.182,4.174.184.2,4.174.184.13,4.174.184.22,4.174.184.26,4.174.184.35,4.174.184.94,4.174.185.84,20.116.235.42,20.116.235.43,20.116.235.68,20.116.235.69,20.116.235.78,20.116.235.79,20.116.235.94,20.116.235.95,20.116.235.103,20.116.235.104,20.116.235.105,20.116.235.120,20.116.235.121,20.116.235.126,20.116.235.127,20.116.235.132,20.116.235.133,20.116.235.136,4.174.184.147,4.174.184.214,4.174.184.248,4.174.185.19,4.174.185.62,4.174.185.73,20.48.204.6",
            "resource_group_name": "jenkins-terraform-rg",
            "site_config": [
              {
                "acr_use_managed_identity_credentials": false,
                "acr_user_managed_identity_client_id": "",
                "always_on": false,
                "app_command_line": "",
                "auto_swap_slot_name": "",
                "cors": [],
                "default_documents": [
                  "Default.htm",
                  "Default.html",
                  "Default.asp",
                  "index.htm",
                  "index.html",
                  "iisstart.htm",
                  "default.aspx",
                  "index.php",
                  "hostingstart.html"
                ],
                "dotnet_framework_version": "v4.0",
                "ftps_state": "FtpsOnly",
                "health_check_path": "",
                "http2_enabled": false,
                "ip_restriction": [],
                "java_container": "",
                "java_container_version": "",
                "java_version": "",
                "linux_fx_version": "",
                "local_mysql_enabled": false,
                "managed_pipeline_mode": "Integrated",
                "min_tls_version": "1.2",
                "number_of_workers": 1,
                "php_version": "5.6",
                "python_version": "",
                "remote_debugging_enabled": false,
                "remote_debugging_version": "",
                "scm_ip_restriction": [],
                "scm_type": "None",
                "scm_use_main_ip_restriction": false,
                "use_32_bit_worker_process": true,
                "vnet_route_all_enabled": false,
                "websockets_enabled": false,
                "windows_fx_version": ""
              }
            ],
            "site_credential": [
              {
                "password": "ySomdBAhmAXWfvtiDFiXaRjhYm65jZ75yBXLthJZMxXTaNfFohiFlGpLd4rW",
                "username": "$jenkins-tf-appservice"
              }
            ],
            "source_control": [
              {
                "branch": "main",
                "manual_integration": false,
                "repo_url": "",
                "rollback_enabled": false,
                "use_mercurial": false
              }
            ],
            "storage_account": [],
            "tags": null,
            "timeouts": null
          },
          "sensitive_attributes": [],
          "private": "eyJlMmJmYjczMC1lY2FhLTExZTYtOGY4OC0zNDM2M2JjN2M0YzAiOnsiY3JlYXRlIjoxODAwMDAwMDAwMDAwLCJkZWxldGUiOjE4MDAwMDAwMDAwMDAsInJlYWQiOjMwMDAwMDAwMDAwMCwidXBkYXRlIjoxODAwMDAwMDAwMDAwfX0=",
          "dependencies": [
            "module.app_service.azurerm_app_service_plan.this",
            "module.app_service.azurerm_resource_group.this"
          ]
        }
      ]
    },
    {
      "module": "module.app_service",
      "mode": "managed",
      "type": "azurerm_app_service_plan",
      "name": "this",
      "provider": "provider[\"registry.terraform.io/hashicorp/azurerm\"]",
      "instances": [
        {
          "schema_version": 1,
          "attributes": {
            "app_service_environment_id": "",
            "id": "/subscriptions/8174c7c1-0633-4f33-af31-990f0e2b3f83/resourceGroups/jenkins-terraform-rg/providers/Microsoft.Web/serverFarms/jenkins-tf-appservice-plan",
            "is_xenon": false,
            "kind": "Windows",
            "location": "canadacentral",
            "maximum_elastic_worker_count": 1,
            "maximum_number_of_workers": 3,
            "name": "jenkins-tf-appservice-plan",
            "per_site_scaling": false,
            "reserved": false,
            "resource_group_name": "jenkins-terraform-rg",
            "sku": [
              {
                "capacity": 1,
                "size": "B1",
                "tier": "Basic"
              }
            ],
            "tags": null,
            "timeouts": null,
            "zone_redundant": false
          },
          "sensitive_attributes": [],
          "private": "eyJlMmJmYjczMC1lY2FhLTExZTYtOGY4OC0zNDM2M2JjN2M0YzAiOnsiY3JlYXRlIjozNjAwMDAwMDAwMDAwLCJkZWxldGUiOjM2MDAwMDAwMDAwMDAsInJlYWQiOjMwMDAwMDAwMDAwMCwidXBkYXRlIjozNjAwMDAwMDAwMDAwfSwic2NoZW1hX3ZlcnNpb24iOiIxIn0=",
          "dependencies": [
            "module.app_service.azurerm_resource_group.this"
          ]
        }
      ]
    },
    {
      "module": "module.app_service",
      "mode": "managed",
      "type": "azurerm_resource_group",
      "name": "this",
      "provider": "provider[\"registry.terraform.io/hashicorp/azurerm\"]",
      "instances": [
        {
          "schema_version": 0,
          "attributes": {
            "id": "/subscriptions/8174c7c1-0633-4f33-af31-990f0e2b3f83/resourceGroups/jenkins-terraform-rg",
            "location": "canadacentral",
            "managed_by": "",
            "name": "jenkins-terraform-rg",
            "tags": {},
            "timeouts": null
          },
          "sensitive_attributes": [],
          "private": "eyJlMmJmYjczMC1lY2FhLTExZTYtOGY4OC0zNDM2M2JjN2M0YzAiOnsiY3JlYXRlIjo1NDAwMDAwMDAwMDAwLCJkZWxldGUiOjU0MDAwMDAwMDAwMDAsInJlYWQiOjMwMDAwMDAwMDAwMCwidXBkYXRlIjo1NDAwMDAwMDAwMDAwfX0="
        }
      ]
    }
  ],
  "check_results": null
}
